
Microsoft Visual Studio Solution File, Format Version 12.00
# Visual Studio Version 16
VisualStudioVersion = 16.0.30717.126
MinimumVisualStudioVersion = 10.0.40219.1
Project("{FAE04EC0-301F-11D3-BF4B-00C04F79EFBC}") = "AdminPanelTask", "AdminPanelTask\AdminPanelTask.csproj", "{30ABA589-7723-47A2-92AB-6159B7713325}"
EndProject
Global
	GlobalSection(SolutionConfigurationPlatforms) = preSolution
		Debug|Any CPU = Debug|Any CPU
		Release|Any CPU = Release|Any CPU
	EndGlobalSection
	GlobalSection(ProjectConfigurationPlatforms) = postSolution
		{30ABA589-7723-47A2-92AB-6159B7713325}.Debug|Any CPU.ActiveCfg = Debug|Any CPU
		{30ABA589-7723-47A2-92AB-6159B7713325}.Debug|Any CPU.Build.0 = Debug|Any CPU
		{30ABA589-7723-47A2-92AB-6159B7713325}.Release|Any CPU.ActiveCfg = Release|Any CPU
		{30ABA589-7723-47A2-92AB-6159B7713325}.Release|Any CPU.Build.0 = Release|Any CPU
	EndGlobalSection
	GlobalSection(SolutionProperties) = preSolution
		HideSolutionNode = FALSE
	EndGlobalSection
	GlobalSection(ExtensibilityGlobals) = postSolution
		SolutionGuid = {14E3CC54-F5E1-4AE8-BCC7-D396F68BC8BB}
	EndGlobalSection
EndGlobal
